
Microsoft Visual Studio Solution File, Format Version 12.00
# Visual Studio 15
VisualStudioVersion = 15.0.27004.2005
MinimumVisualStudioVersion = 10.0.40219.1
Project("{9A19103F-16F7-4668-BE54-9A1E7A4F7556}") = "Alcaze.IC.Typing.Api", "Alcaze.IC.Typing.Api\Alcaze.IC.Typing.Api.csproj", "{2EDC5433-C4C3-4950-B523-FC453B784BD9}"
EndProject
Project("{2150E333-8FDC-42A3-9474-1A3956D46DE8}") = "DataAccess", "DataAccess", "{C9F454FA-D5D1-4E7E-B305-87C9736841B3}"
EndProject
Project("{2150E333-8FDC-42A3-9474-1A3956D46DE8}") = "Implementations", "Implementations", "{7C24CEBF-04FD-4E8A-A721-724214D94F09}"
EndProject
Project("{9A19103F-16F7-4668-BE54-9A1E7A4F7556}") = "Alcaze.IC.Typing.Crud", "Alcaze.IC.Typing.Crud\Alcaze.IC.Typing.Crud.csproj", "{F788F722-835D-4D09-9878-B925A39A0BD4}"
EndProject
Project("{9A19103F-16F7-4668-BE54-9A1E7A4F7556}") = "Alcaze.IC.Typing.Validator", "Alcaze.IC.Typing.Validator\Alcaze.IC.Typing.Validator.csproj", "{516694F0-3443-4892-A49D-87A8C51E012F}"
EndProject
Project("{9A19103F-16F7-4668-BE54-9A1E7A4F7556}") = "Alcaze.IC.Typing.Processor", "Alcaze.IC.Typing.Processor\Alcaze.IC.Typing.Processor.csproj", "{7A5A5603-EDD6-4AF3-B8F4-2A509086BC1D}"
EndProject
Project("{9A19103F-16F7-4668-BE54-9A1E7A4F7556}") = "Alcaze.IC.Typing.DAL", "Alcaze.IC.Typing.DAL\Alcaze.IC.Typing.DAL.csproj", "{F13EB7B7-64CD-4E9A-A3AE-CC332846FC7B}"
EndProject
Project("{9A19103F-16F7-4668-BE54-9A1E7A4F7556}") = "Alcaze.IC.Typing.DTO", "Alcaze.IC.Typing.DTO\Alcaze.IC.Typing.DTO.csproj", "{094CD0B2-2423-410A-8FC7-0C4BBAFA2B78}"
EndProject
Global
	GlobalSection(SolutionConfigurationPlatforms) = preSolution
		Debug|Any CPU = Debug|Any CPU
		Release|Any CPU = Release|Any CPU
	EndGlobalSection
	GlobalSection(ProjectConfigurationPlatforms) = postSolution
		{2EDC5433-C4C3-4950-B523-FC453B784BD9}.Debug|Any CPU.ActiveCfg = Debug|Any CPU
		{2EDC5433-C4C3-4950-B523-FC453B784BD9}.Debug|Any CPU.Build.0 = Debug|Any CPU
		{2EDC5433-C4C3-4950-B523-FC453B784BD9}.Release|Any CPU.ActiveCfg = Release|Any CPU
		{2EDC5433-C4C3-4950-B523-FC453B784BD9}.Release|Any CPU.Build.0 = Release|Any CPU
		{F788F722-835D-4D09-9878-B925A39A0BD4}.Debug|Any CPU.ActiveCfg = Debug|Any CPU
		{F788F722-835D-4D09-9878-B925A39A0BD4}.Debug|Any CPU.Build.0 = Debug|Any CPU
		{F788F722-835D-4D09-9878-B925A39A0BD4}.Release|Any CPU.ActiveCfg = Release|Any CPU
		{F788F722-835D-4D09-9878-B925A39A0BD4}.Release|Any CPU.Build.0 = Release|Any CPU
		{516694F0-3443-4892-A49D-87A8C51E012F}.Debug|Any CPU.ActiveCfg = Debug|Any CPU
		{516694F0-3443-4892-A49D-87A8C51E012F}.Debug|Any CPU.Build.0 = Debug|Any CPU
		{516694F0-3443-4892-A49D-87A8C51E012F}.Release|Any CPU.ActiveCfg = Release|Any CPU
		{516694F0-3443-4892-A49D-87A8C51E012F}.Release|Any CPU.Build.0 = Release|Any CPU
		{7A5A5603-EDD6-4AF3-B8F4-2A509086BC1D}.Debug|Any CPU.ActiveCfg = Debug|Any CPU
		{7A5A5603-EDD6-4AF3-B8F4-2A509086BC1D}.Debug|Any CPU.Build.0 = Debug|Any CPU
		{7A5A5603-EDD6-4AF3-B8F4-2A509086BC1D}.Release|Any CPU.ActiveCfg = Release|Any CPU
		{7A5A5603-EDD6-4AF3-B8F4-2A509086BC1D}.Release|Any CPU.Build.0 = Release|Any CPU
		{F13EB7B7-64CD-4E9A-A3AE-CC332846FC7B}.Debug|Any CPU.ActiveCfg = Debug|Any CPU
		{F13EB7B7-64CD-4E9A-A3AE-CC332846FC7B}.Debug|Any CPU.Build.0 = Debug|Any CPU
		{F13EB7B7-64CD-4E9A-A3AE-CC332846FC7B}.Release|Any CPU.ActiveCfg = Release|Any CPU
		{F13EB7B7-64CD-4E9A-A3AE-CC332846FC7B}.Release|Any CPU.Build.0 = Release|Any CPU
		{094CD0B2-2423-410A-8FC7-0C4BBAFA2B78}.Debug|Any CPU.ActiveCfg = Debug|Any CPU
		{094CD0B2-2423-410A-8FC7-0C4BBAFA2B78}.Debug|Any CPU.Build.0 = Debug|Any CPU
		{094CD0B2-2423-410A-8FC7-0C4BBAFA2B78}.Release|Any CPU.ActiveCfg = Release|Any CPU
		{094CD0B2-2423-410A-8FC7-0C4BBAFA2B78}.Release|Any CPU.Build.0 = Release|Any CPU
	EndGlobalSection
	GlobalSection(SolutionProperties) = preSolution
		HideSolutionNode = FALSE
	EndGlobalSection
	GlobalSection(NestedProjects) = preSolution
		{F788F722-835D-4D09-9878-B925A39A0BD4} = {7C24CEBF-04FD-4E8A-A721-724214D94F09}
		{516694F0-3443-4892-A49D-87A8C51E012F} = {7C24CEBF-04FD-4E8A-A721-724214D94F09}
		{7A5A5603-EDD6-4AF3-B8F4-2A509086BC1D} = {7C24CEBF-04FD-4E8A-A721-724214D94F09}
		{F13EB7B7-64CD-4E9A-A3AE-CC332846FC7B} = {C9F454FA-D5D1-4E7E-B305-87C9736841B3}
	EndGlobalSection
	GlobalSection(ExtensibilityGlobals) = postSolution
		SolutionGuid = {619C2822-D342-40DB-A289-9CDD44CBBA36}
	EndGlobalSection
EndGlobal
